
Microsoft Visual Studio Solution File, Format Version 12.00
# Visual Studio Version 17
VisualStudioVersion = 17.1.32210.238
MinimumVisualStudioVersion = 10.0.40219.1
Project("{FAE04EC0-301F-11D3-BF4B-00C04F79EFBC}") = "FizzBuzzWeb", "FizzBuzzWeb.csproj", "{DEA185A8-8943-4621-904B-FFA78A92CACE}"
EndProject
Global
	GlobalSection(SolutionConfigurationPlatforms) = preSolution
		Debug|Any CPU = Debug|Any CPU
		Release|Any CPU = Release|Any CPU
	EndGlobalSection
	GlobalSection(ProjectConfigurationPlatforms) = postSolution
		{DEA185A8-8943-4621-904B-FFA78A92CACE}.Debug|Any CPU.ActiveCfg = Debug|Any CPU
		{DEA185A8-8943-4621-904B-FFA78A92CACE}.Debug|Any CPU.Build.0 = Debug|Any CPU
		{DEA185A8-8943-4621-904B-FFA78A92CACE}.Release|Any CPU.ActiveCfg = Release|Any CPU
		{DEA185A8-8943-4621-904B-FFA78A92CACE}.Release|Any CPU.Build.0 = Release|Any CPU
	EndGlobalSection
	GlobalSection(SolutionProperties) = preSolution
		HideSolutionNode = FALSE
	EndGlobalSection
	GlobalSection(ExtensibilityGlobals) = postSolution
		SolutionGuid = {A5D7FB56-4C7D-44DF-874B-413839193602}
	EndGlobalSection
EndGlobal
